
Microsoft Visual Studio Solution File, Format Version 12.00
# Visual Studio 15
VisualStudioVersion = 15.0.28010.2046
MinimumVisualStudioVersion = 10.0.40219.1
Project("{9A19103F-16F7-4668-BE54-9A1E7A4F7556}") = "PollySpeaks", "PollySpeaks\PollySpeaks.csproj", "{302A47FB-1E34-4922-9101-863BD5A60E31}"
EndProject
Project("{9A19103F-16F7-4668-BE54-9A1E7A4F7556}") = "PollySpeaks.Tests", "PollySpeaks.Tests\PollySpeaks.Tests.csproj", "{7A1712C6-016F-4AC6-9544-5203B07B8667}"
EndProject
Global
	GlobalSection(SolutionConfigurationPlatforms) = preSolution
		Debug|Any CPU = Debug|Any CPU
		Release|Any CPU = Release|Any CPU
	EndGlobalSection
	GlobalSection(ProjectConfigurationPlatforms) = postSolution
		{302A47FB-1E34-4922-9101-863BD5A60E31}.Debug|Any CPU.ActiveCfg = Debug|Any CPU
		{302A47FB-1E34-4922-9101-863BD5A60E31}.Debug|Any CPU.Build.0 = Debug|Any CPU
		{302A47FB-1E34-4922-9101-863BD5A60E31}.Release|Any CPU.ActiveCfg = Release|Any CPU
		{302A47FB-1E34-4922-9101-863BD5A60E31}.Release|Any CPU.Build.0 = Release|Any CPU
		{7A1712C6-016F-4AC6-9544-5203B07B8667}.Debug|Any CPU.ActiveCfg = Debug|Any CPU
		{7A1712C6-016F-4AC6-9544-5203B07B8667}.Debug|Any CPU.Build.0 = Debug|Any CPU
		{7A1712C6-016F-4AC6-9544-5203B07B8667}.Release|Any CPU.ActiveCfg = Release|Any CPU
		{7A1712C6-016F-4AC6-9544-5203B07B8667}.Release|Any CPU.Build.0 = Release|Any CPU
	EndGlobalSection
	GlobalSection(SolutionProperties) = preSolution
		HideSolutionNode = FALSE
	EndGlobalSection
	GlobalSection(ExtensibilityGlobals) = postSolution
		SolutionGuid = {2924FF44-F6D1-4EBD-AEBC-FDF57E167F3E}
	EndGlobalSection
EndGlobal
